
Microsoft Visual Studio Solution File, Format Version 12.00
# Visual Studio Version 16
VisualStudioVersion = 16.0.31624.102
MinimumVisualStudioVersion = 10.0.40219.1
Project("{FAE04EC0-301F-11D3-BF4B-00C04F79EFBC}") = "AnnouncementTask.API", "AnnouncementTask.API\AnnouncementTask.API.csproj", "{F6A3FFF0-5FD0-46DA-89B1-CC40F281D749}"
EndProject
Project("{FAE04EC0-301F-11D3-BF4B-00C04F79EFBC}") = "AnnouncementTask.BLL", "AnnouncementTask.BLL\AnnouncementTask.BLL.csproj", "{C04E4AC9-522C-410C-BBCB-C13F162A5C86}"
EndProject
Project("{FAE04EC0-301F-11D3-BF4B-00C04F79EFBC}") = "AnnouncementTask.DAL", "AnnouncementTask.DAL\AnnouncementTask.DAL.csproj", "{BBCE4536-17DA-47D8-A008-ACBF4E88CF7E}"
EndProject
Global
	GlobalSection(SolutionConfigurationPlatforms) = preSolution
		Debug|Any CPU = Debug|Any CPU
		Release|Any CPU = Release|Any CPU
	EndGlobalSection
	GlobalSection(ProjectConfigurationPlatforms) = postSolution
		{F6A3FFF0-5FD0-46DA-89B1-CC40F281D749}.Debug|Any CPU.ActiveCfg = Debug|Any CPU
		{F6A3FFF0-5FD0-46DA-89B1-CC40F281D749}.Debug|Any CPU.Build.0 = Debug|Any CPU
		{F6A3FFF0-5FD0-46DA-89B1-CC40F281D749}.Release|Any CPU.ActiveCfg = Release|Any CPU
		{F6A3FFF0-5FD0-46DA-89B1-CC40F281D749}.Release|Any CPU.Build.0 = Release|Any CPU
		{C04E4AC9-522C-410C-BBCB-C13F162A5C86}.Debug|Any CPU.ActiveCfg = Debug|Any CPU
		{C04E4AC9-522C-410C-BBCB-C13F162A5C86}.Debug|Any CPU.Build.0 = Debug|Any CPU
		{C04E4AC9-522C-410C-BBCB-C13F162A5C86}.Release|Any CPU.ActiveCfg = Release|Any CPU
		{C04E4AC9-522C-410C-BBCB-C13F162A5C86}.Release|Any CPU.Build.0 = Release|Any CPU
		{BBCE4536-17DA-47D8-A008-ACBF4E88CF7E}.Debug|Any CPU.ActiveCfg = Debug|Any CPU
		{BBCE4536-17DA-47D8-A008-ACBF4E88CF7E}.Debug|Any CPU.Build.0 = Debug|Any CPU
		{BBCE4536-17DA-47D8-A008-ACBF4E88CF7E}.Release|Any CPU.ActiveCfg = Release|Any CPU
		{BBCE4536-17DA-47D8-A008-ACBF4E88CF7E}.Release|Any CPU.Build.0 = Release|Any CPU
	EndGlobalSection
	GlobalSection(SolutionProperties) = preSolution
		HideSolutionNode = FALSE
	EndGlobalSection
	GlobalSection(ExtensibilityGlobals) = postSolution
		SolutionGuid = {CC4A4AF7-72BC-401F-B484-8CC890B76772}
	EndGlobalSection
EndGlobal
